
Microsoft Visual Studio Solution File, Format Version 12.00
# Visual Studio Version 16
VisualStudioVersion = 16.0.31105.61
MinimumVisualStudioVersion = 10.0.40219.1
Project("{9A19103F-16F7-4668-BE54-9A1E7A4F7556}") = "DeliverIt.Data", "DeliverIt.Data\DeliverIt.Data.csproj", "{4657F543-56F9-4257-923E-14926EBE82A7}"
EndProject
Project("{9A19103F-16F7-4668-BE54-9A1E7A4F7556}") = "DeliverIt.Services", "DeliverIt.Services\DeliverIt.Services.csproj", "{1C5B96E9-25A4-4A71-804B-CBCB96339927}"
EndProject
Project("{9A19103F-16F7-4668-BE54-9A1E7A4F7556}") = "DeliverIt.Web", "DeliverIt.Web\DeliverIt.Web.csproj", "{2CBA308C-98C9-4FE5-8813-B7D13DFFFC7D}"
EndProject
Project("{FAE04EC0-301F-11D3-BF4B-00C04F79EFBC}") = "Tests", "Tests\Tests.csproj", "{1F4AD3FA-55CF-4700-BE51-D275B2E20E96}"
EndProject
Global
	GlobalSection(SolutionConfigurationPlatforms) = preSolution
		Debug|Any CPU = Debug|Any CPU
		Release|Any CPU = Release|Any CPU
	EndGlobalSection
	GlobalSection(ProjectConfigurationPlatforms) = postSolution
		{4657F543-56F9-4257-923E-14926EBE82A7}.Debug|Any CPU.ActiveCfg = Debug|Any CPU
		{4657F543-56F9-4257-923E-14926EBE82A7}.Debug|Any CPU.Build.0 = Debug|Any CPU
		{4657F543-56F9-4257-923E-14926EBE82A7}.Release|Any CPU.ActiveCfg = Release|Any CPU
		{4657F543-56F9-4257-923E-14926EBE82A7}.Release|Any CPU.Build.0 = Release|Any CPU
		{1C5B96E9-25A4-4A71-804B-CBCB96339927}.Debug|Any CPU.ActiveCfg = Debug|Any CPU
		{1C5B96E9-25A4-4A71-804B-CBCB96339927}.Debug|Any CPU.Build.0 = Debug|Any CPU
		{1C5B96E9-25A4-4A71-804B-CBCB96339927}.Release|Any CPU.ActiveCfg = Release|Any CPU
		{1C5B96E9-25A4-4A71-804B-CBCB96339927}.Release|Any CPU.Build.0 = Release|Any CPU
		{2CBA308C-98C9-4FE5-8813-B7D13DFFFC7D}.Debug|Any CPU.ActiveCfg = Debug|Any CPU
		{2CBA308C-98C9-4FE5-8813-B7D13DFFFC7D}.Debug|Any CPU.Build.0 = Debug|Any CPU
		{2CBA308C-98C9-4FE5-8813-B7D13DFFFC7D}.Release|Any CPU.ActiveCfg = Release|Any CPU
		{2CBA308C-98C9-4FE5-8813-B7D13DFFFC7D}.Release|Any CPU.Build.0 = Release|Any CPU
		{1F4AD3FA-55CF-4700-BE51-D275B2E20E96}.Debug|Any CPU.ActiveCfg = Debug|Any CPU
		{1F4AD3FA-55CF-4700-BE51-D275B2E20E96}.Debug|Any CPU.Build.0 = Debug|Any CPU
		{1F4AD3FA-55CF-4700-BE51-D275B2E20E96}.Release|Any CPU.ActiveCfg = Release|Any CPU
		{1F4AD3FA-55CF-4700-BE51-D275B2E20E96}.Release|Any CPU.Build.0 = Release|Any CPU
	EndGlobalSection
	GlobalSection(SolutionProperties) = preSolution
		HideSolutionNode = FALSE
	EndGlobalSection
	GlobalSection(ExtensibilityGlobals) = postSolution
		SolutionGuid = {81D3BBC1-2AF4-49C1-A68A-A1C8EF3DEF96}
	EndGlobalSection
EndGlobal
